
Microsoft Visual Studio Solution File, Format Version 12.00
Project("{FAE04EC0-301F-11D3-BF4B-00C04F79EFBC}") = "Animals", "Animals\Animals.csproj", "{AE234342-ED20-49DD-A42E-FCB69D0AAA35}"
EndProject
Project("{FAE04EC0-301F-11D3-BF4B-00C04F79EFBC}") = "encap", "encap\encap.csproj", "{BE251EAA-5095-4311-B34A-DBF05A495E3E}"
EndProject
Project("{FAE04EC0-301F-11D3-BF4B-00C04F79EFBC}") = "Abs", "Abs\Abs.csproj", "{DF248EA3-D855-4D13-83EF-245A2D9E07D4}"
EndProject
Project("{FAE04EC0-301F-11D3-BF4B-00C04F79EFBC}") = "ParallelArrays", "ParallelArrays\ParallelArrays.csproj", "{A59E28F9-4FA4-4BFE-96A9-BAC78CEDD2AB}"
EndProject
Project("{FAE04EC0-301F-11D3-BF4B-00C04F79EFBC}") = "Inheritance", "Inheritance\Inheritance.csproj", "{5E973FE5-3BF9-40C1-867B-2C8BB8CD4122}"
EndProject
Project("{FAE04EC0-301F-11D3-BF4B-00C04F79EFBC}") = "BookExample", "BookExample\BookExample.csproj", "{F81FDE30-647F-4074-B8B8-80DF80521FB4}"
EndProject
Project("{FAE04EC0-301F-11D3-BF4B-00C04F79EFBC}") = "AnimalSort", "AnimalSort\AnimalSort.csproj", "{7C5CB93B-BFA8-4E07-AA33-31DD599322CC}"
EndProject
Project("{FAE04EC0-301F-11D3-BF4B-00C04F79EFBC}") = "Interfaces", "Interfaces\Interfaces.csproj", "{47F4BA7A-DFBF-4B06-97E5-559B16EFF8A8}"
EndProject
Project("{FAE04EC0-301F-11D3-BF4B-00C04F79EFBC}") = "Sorting", "Sorting\Sorting.csproj", "{54AA082D-3494-4E4D-B5E3-32C476FEE9F1}"
EndProject
Global
	GlobalSection(SolutionConfigurationPlatforms) = preSolution
		Debug|Any CPU = Debug|Any CPU
		Release|Any CPU = Release|Any CPU
	EndGlobalSection
	GlobalSection(ProjectConfigurationPlatforms) = postSolution
		{AE234342-ED20-49DD-A42E-FCB69D0AAA35}.Debug|Any CPU.ActiveCfg = Debug|Any CPU
		{AE234342-ED20-49DD-A42E-FCB69D0AAA35}.Debug|Any CPU.Build.0 = Debug|Any CPU
		{AE234342-ED20-49DD-A42E-FCB69D0AAA35}.Release|Any CPU.ActiveCfg = Release|Any CPU
		{AE234342-ED20-49DD-A42E-FCB69D0AAA35}.Release|Any CPU.Build.0 = Release|Any CPU
		{BE251EAA-5095-4311-B34A-DBF05A495E3E}.Debug|Any CPU.ActiveCfg = Debug|Any CPU
		{BE251EAA-5095-4311-B34A-DBF05A495E3E}.Debug|Any CPU.Build.0 = Debug|Any CPU
		{BE251EAA-5095-4311-B34A-DBF05A495E3E}.Release|Any CPU.ActiveCfg = Release|Any CPU
		{BE251EAA-5095-4311-B34A-DBF05A495E3E}.Release|Any CPU.Build.0 = Release|Any CPU
		{DF248EA3-D855-4D13-83EF-245A2D9E07D4}.Debug|Any CPU.ActiveCfg = Debug|Any CPU
		{DF248EA3-D855-4D13-83EF-245A2D9E07D4}.Debug|Any CPU.Build.0 = Debug|Any CPU
		{DF248EA3-D855-4D13-83EF-245A2D9E07D4}.Release|Any CPU.ActiveCfg = Release|Any CPU
		{DF248EA3-D855-4D13-83EF-245A2D9E07D4}.Release|Any CPU.Build.0 = Release|Any CPU
		{A59E28F9-4FA4-4BFE-96A9-BAC78CEDD2AB}.Debug|Any CPU.ActiveCfg = Debug|Any CPU
		{A59E28F9-4FA4-4BFE-96A9-BAC78CEDD2AB}.Debug|Any CPU.Build.0 = Debug|Any CPU
		{A59E28F9-4FA4-4BFE-96A9-BAC78CEDD2AB}.Release|Any CPU.ActiveCfg = Release|Any CPU
		{A59E28F9-4FA4-4BFE-96A9-BAC78CEDD2AB}.Release|Any CPU.Build.0 = Release|Any CPU
		{5E973FE5-3BF9-40C1-867B-2C8BB8CD4122}.Debug|Any CPU.ActiveCfg = Debug|Any CPU
		{5E973FE5-3BF9-40C1-867B-2C8BB8CD4122}.Debug|Any CPU.Build.0 = Debug|Any CPU
		{5E973FE5-3BF9-40C1-867B-2C8BB8CD4122}.Release|Any CPU.ActiveCfg = Release|Any CPU
		{5E973FE5-3BF9-40C1-867B-2C8BB8CD4122}.Release|Any CPU.Build.0 = Release|Any CPU
		{F81FDE30-647F-4074-B8B8-80DF80521FB4}.Debug|Any CPU.ActiveCfg = Debug|Any CPU
		{F81FDE30-647F-4074-B8B8-80DF80521FB4}.Debug|Any CPU.Build.0 = Debug|Any CPU
		{F81FDE30-647F-4074-B8B8-80DF80521FB4}.Release|Any CPU.ActiveCfg = Release|Any CPU
		{F81FDE30-647F-4074-B8B8-80DF80521FB4}.Release|Any CPU.Build.0 = Release|Any CPU
		{7C5CB93B-BFA8-4E07-AA33-31DD599322CC}.Debug|Any CPU.ActiveCfg = Debug|Any CPU
		{7C5CB93B-BFA8-4E07-AA33-31DD599322CC}.Debug|Any CPU.Build.0 = Debug|Any CPU
		{7C5CB93B-BFA8-4E07-AA33-31DD599322CC}.Release|Any CPU.ActiveCfg = Release|Any CPU
		{7C5CB93B-BFA8-4E07-AA33-31DD599322CC}.Release|Any CPU.Build.0 = Release|Any CPU
		{47F4BA7A-DFBF-4B06-97E5-559B16EFF8A8}.Debug|Any CPU.ActiveCfg = Debug|Any CPU
		{47F4BA7A-DFBF-4B06-97E5-559B16EFF8A8}.Debug|Any CPU.Build.0 = Debug|Any CPU
		{47F4BA7A-DFBF-4B06-97E5-559B16EFF8A8}.Release|Any CPU.ActiveCfg = Release|Any CPU
		{47F4BA7A-DFBF-4B06-97E5-559B16EFF8A8}.Release|Any CPU.Build.0 = Release|Any CPU
		{54AA082D-3494-4E4D-B5E3-32C476FEE9F1}.Debug|Any CPU.ActiveCfg = Debug|Any CPU
		{54AA082D-3494-4E4D-B5E3-32C476FEE9F1}.Debug|Any CPU.Build.0 = Debug|Any CPU
		{54AA082D-3494-4E4D-B5E3-32C476FEE9F1}.Release|Any CPU.ActiveCfg = Release|Any CPU
		{54AA082D-3494-4E4D-B5E3-32C476FEE9F1}.Release|Any CPU.Build.0 = Release|Any CPU
	EndGlobalSection
EndGlobal
